{
    "_meta": {
        "hash": {
            "sha256": "97e396c7726d277f4655e49b458c18b8d1c2fa4f5e774e502c3a5f9bf4aae7d4"
        },
        "requires": {},
        "sources": [
            {
                "url": "https://pypi.python.org/simple",
                "verify_ssl": true
            }
        ]
    },
    "default": {
        "blinker": {
            "version": "==1.4"
        },
        "brotlipy": {
            "version": "==0.7.0"
        },
        "cffi": {
            "version": "==1.10.0"
        },
        "click": {
            "version": "==6.7"
        },
        "colorama": {
            "version": "==0.3.9"
        },
        "contextlib2": {
            "version": "==0.5.5"
        },
        "crayons": {
            "version": "==0.1.2"
        },
        "dateparser": {
            "version": "==0.6.0"
        },
        "decorator": {
            "version": "==4.1.2"
        },
        "flask": {
            "version": "==0.12.2"
        },
        "flask-cache": {
            "version": "==0.13.1"
        },
        "flask-common": {
            "version": "==0.2.0"
        },
        "gevent": {
            "version": "==1.2.2"
        },
        "greenlet": {
            "version": "==0.4.12"
        },
        "gunicorn": {
            "version": "==19.7.1"
        },
        "humanize": {
            "version": "==0.5.1"
        },
        "itsdangerous": {
            "version": "==0.24"
        },
        "jinja2": {
            "version": "==2.9.6"
        },
        "markupsafe": {
            "version": "==1.0"
        },
        "maya": {
            "version": "==0.3.2"
        },
        "meinheld": {
            "version": "==0.6.1"
        },
        "pendulum": {
            "version": "==1.2.4"
        },
        "pycparser": {
            "version": "==2.18"
        },
        "python-dateutil": {
            "version": "==2.6.1"
        },
        "pytz": {
            "version": "==2017.2"
        },
        "pytzdata": {
            "version": "==2017.2"
        },
        "raven": {
            "version": "==6.1.0"
        },
        "regex": {
            "version": "==2017.07.28"
        },
        "ruamel.yaml": {
            "version": "==0.15.32"
        },
        "six": {
            "version": "==1.10.0"
        },
        "tzlocal": {
            "version": "==1.4"
        },
        "werkzeug": {
            "version": "==0.12.2"
        },
        "whitenoise": {
            "version": "==3.3.0"
        }
    },
    "develop": {}
}
